
Microsoft Visual Studio Solution File, Format Version 12.00
# Visual Studio Version 16
VisualStudioVersion = 16.0.28803.156
MinimumVisualStudioVersion = 10.0.40219.1
Project("{FAE04EC0-301F-11D3-BF4B-00C04F79EFBC}") = "SgtSafety", "SgtSafety\SgtSafety.csproj", "{665B6F08-B607-4FFE-A731-3A144C1EF9D7}"
EndProject
Global
	GlobalSection(SolutionConfigurationPlatforms) = preSolution
		Debug|Any CPU = Debug|Any CPU
		Release|Any CPU = Release|Any CPU
	EndGlobalSection
	GlobalSection(ProjectConfigurationPlatforms) = postSolution
		{665B6F08-B607-4FFE-A731-3A144C1EF9D7}.Debug|Any CPU.ActiveCfg = Debug|Any CPU
		{665B6F08-B607-4FFE-A731-3A144C1EF9D7}.Debug|Any CPU.Build.0 = Debug|Any CPU
		{665B6F08-B607-4FFE-A731-3A144C1EF9D7}.Release|Any CPU.ActiveCfg = Release|Any CPU
		{665B6F08-B607-4FFE-A731-3A144C1EF9D7}.Release|Any CPU.Build.0 = Release|Any CPU
	EndGlobalSection
	GlobalSection(SolutionProperties) = preSolution
		HideSolutionNode = FALSE
	EndGlobalSection
	GlobalSection(ExtensibilityGlobals) = postSolution
		SolutionGuid = {528ED6C4-343A-4B93-B0A4-36E3CF031763}
	EndGlobalSection
EndGlobal
